// !$*UTF8*$!
{
	archiveVersion = 1;
	classes = {
	};
	objectVersion = 110;
	objects = {

/* Begin PBXBuildFile section */
		CEFB635230647C9C00D0169D /* AppDelegate.swift in Sources */ = {isa = PBXBuildFile; fileRef = CEFB635130647C9C00D0169D /* AppDelegate.swift */; };
		CEFB636330647C9D00D0169D /* Assets.xcassets in Resources */ = {isa = PBXBuildFile; fileRef = CEFB636230647C9D00D0169D /* Assets.xcassets */; };
		CEFB639130647C9E00D0169D /* LodestoneApp.swift in Sources */ = {isa = PBXBuildFile; fileRef = CEFB639030647C9E00D0169D /* LodestoneApp.swift */; };
		CEFB639330647C9E00D0169D /* MagnetParser.swift in Sources */ = {isa = PBXBuildFile; fileRef = CEFB639230647C9E00D0169D /* MagnetParser.swift */; };
		CEFB639530647C9E00D0169D /* TransmissionClient.swift in Sources */ = {isa = PBXBuildFile; fileRef = CEFB639430647C9E00D0169D /* TransmissionClient.swift */; };
		CEFB63C230647C9E00D0169D /* TransmissionConfig.swift in Sources */ = {isa = PBXBuildFile; fileRef = CEFB63C030647C9E00D0169D /* TransmissionConfig.swift */; };
		CEFB63C330647C9E00D0169D /* TransmissionConfig.swift in Sources */ = {isa = PBXBuildFile; fileRef = CEFB63C030647C9E00D0169D /* TransmissionConfig.swift */; };
		CEFB63C430647C9E00D0169D /* TransmissionClient.swift in Sources */ = {isa = PBXBuildFile; fileRef = CEFB639430647C9E00D0169D /* TransmissionClient.swift */; };
		CEFB63C530647C9E00D0169D /* TransmissionConfigTests.swift in Sources */ = {isa = PBXBuildFile; fileRef = CEFB63C130647C9E00D0169D /* TransmissionConfigTests.swift */; };
		CEFB639730647C9E00D0169D /* Preferences.swift in Sources */ = {isa = PBXBuildFile; fileRef = CEFB639630647C9E00D0169D /* Preferences.swift */; };
		CEFB639930647C9E00D0169D /* KeychainStore.swift in Sources */ = {isa = PBXBuildFile; fileRef = CEFB639830647C9E00D0169D /* KeychainStore.swift */; };
		CEFB639B30647C9E00D0169D /* NotificationFeedback.swift in Sources */ = {isa = PBXBuildFile; fileRef = CEFB639A30647C9E00D0169D /* NotificationFeedback.swift */; };
		CEFB639D30647C9E00D0169D /* MenuBarMenuView.swift in Sources */ = {isa = PBXBuildFile; fileRef = CEFB639C30647C9E00D0169D /* MenuBarMenuView.swift */; };
		CEFB63A130647C9E00D0169D /* SettingsView.swift in Sources */ = {isa = PBXBuildFile; fileRef = CEFB63A030647C9E00D0169D /* SettingsView.swift */; };
		CEFB63B630647C9E00D0169D /* MagnetParserTests.swift in Sources */ = {isa = PBXBuildFile; fileRef = CEFB63B130647C9E00D0169D /* MagnetParserTests.swift */; };
		CEFB63B730647C9E00D0169D /* MagnetParser.swift in Sources */ = {isa = PBXBuildFile; fileRef = CEFB639230647C9E00D0169D /* MagnetParser.swift */; };
/* End PBXBuildFile section */

/* Begin PBXFileReference section */
		CEFB634E30647C9C00D0169D /* Lodestone.app */ = {isa = PBXFileReference; explicitFileType = wrapper.application; includeInIndex = 0; path = Lodestone.app; sourceTree = BUILT_PRODUCTS_DIR; };
		CEFB635130647C9C00D0169D /* AppDelegate.swift */ = {isa = PBXFileReference; lastKnownFileType = sourcecode.swift; path = AppDelegate.swift; sourceTree = "<group>"; };
		CEFB636230647C9D00D0169D /* Assets.xcassets */ = {isa = PBXFileReference; lastKnownFileType = folder.assetcatalog; path = Assets.xcassets; sourceTree = "<group>"; };
		CEFB636430647C9D00D0169D /* Info.plist */ = {isa = PBXFileReference; lastKnownFileType = text.plist.xml; path = Info.plist; sourceTree = "<group>"; };
		CEFB639030647C9E00D0169D /* LodestoneApp.swift */ = {isa = PBXFileReference; lastKnownFileType = sourcecode.swift; path = LodestoneApp.swift; sourceTree = "<group>"; };
		CEFB639230647C9E00D0169D /* MagnetParser.swift */ = {isa = PBXFileReference; lastKnownFileType = sourcecode.swift; path = MagnetParser.swift; sourceTree = "<group>"; };
		CEFB639430647C9E00D0169D /* TransmissionClient.swift */ = {isa = PBXFileReference; lastKnownFileType = sourcecode.swift; path = TransmissionClient.swift; sourceTree = "<group>"; };
		CEFB63C030647C9E00D0169D /* TransmissionConfig.swift */ = {isa = PBXFileReference; lastKnownFileType = sourcecode.swift; path = TransmissionConfig.swift; sourceTree = "<group>"; };
		CEFB63C130647C9E00D0169D /* TransmissionConfigTests.swift */ = {isa = PBXFileReference; lastKnownFileType = sourcecode.swift; path = TransmissionConfigTests.swift; sourceTree = "<group>"; };
		CEFB639630647C9E00D0169D /* Preferences.swift */ = {isa = PBXFileReference; lastKnownFileType = sourcecode.swift; path = Preferences.swift; sourceTree = "<group>"; };
		CEFB639830647C9E00D0169D /* KeychainStore.swift */ = {isa = PBXFileReference; lastKnownFileType = sourcecode.swift; path = KeychainStore.swift; sourceTree = "<group>"; };
		CEFB639A30647C9E00D0169D /* NotificationFeedback.swift */ = {isa = PBXFileReference; lastKnownFileType = sourcecode.swift; path = NotificationFeedback.swift; sourceTree = "<group>"; };
		CEFB639C30647C9E00D0169D /* MenuBarMenuView.swift */ = {isa = PBXFileReference; lastKnownFileType = sourcecode.swift; path = MenuBarMenuView.swift; sourceTree = "<group>"; };
		CEFB63A030647C9E00D0169D /* SettingsView.swift */ = {isa = PBXFileReference; lastKnownFileType = sourcecode.swift; path = SettingsView.swift; sourceTree = "<group>"; };
		CEFB63B030647C9E00D0169D /* LodestoneTests.xctest */ = {isa = PBXFileReference; explicitFileType = wrapper.cfbundle; includeInIndex = 0; path = LodestoneTests.xctest; sourceTree = BUILT_PRODUCTS_DIR; };
		CEFB63B130647C9E00D0169D /* MagnetParserTests.swift */ = {isa = PBXFileReference; lastKnownFileType = sourcecode.swift; path = MagnetParserTests.swift; sourceTree = "<group>"; };
/* End PBXFileReference section */

/* Begin PBXFrameworksBuildPhase section */
		CEFB634B30647C9C00D0169D /* Frameworks */ = {
			isa = PBXFrameworksBuildPhase;
			files = (
			);
		};
		CEFB63B530647C9E00D0169D /* Frameworks */ = {
			isa = PBXFrameworksBuildPhase;
			files = (
			);
		};
/* End PBXFrameworksBuildPhase section */

/* Begin PBXGroup section */
		CEFB634530647C9C00D0169D = {
			isa = PBXGroup;
			children = (
				CEFB635030647C9C00D0169D /* Lodestone */,
				CEFB63B230647C9E00D0169D /* LodestoneTests */,
				CEFB634F30647C9C00D0169D /* Products */,
			);
			sourceTree = "<group>";
		};
		CEFB634F30647C9C00D0169D /* Products */ = {
			isa = PBXGroup;
			children = (
				CEFB634E30647C9C00D0169D /* Lodestone.app */,
				CEFB63B030647C9E00D0169D /* LodestoneTests.xctest */,
			);
			name = Products;
			sourceTree = "<group>";
		};
		CEFB635030647C9C00D0169D /* Lodestone */ = {
			isa = PBXGroup;
			children = (
				CEFB639030647C9E00D0169D /* LodestoneApp.swift */,
				CEFB635130647C9C00D0169D /* AppDelegate.swift */,
				CEFB639230647C9E00D0169D /* MagnetParser.swift */,
				CEFB639430647C9E00D0169D /* TransmissionClient.swift */,
				CEFB63C030647C9E00D0169D /* TransmissionConfig.swift */,
				CEFB639630647C9E00D0169D /* Preferences.swift */,
				CEFB639830647C9E00D0169D /* KeychainStore.swift */,
				CEFB639A30647C9E00D0169D /* NotificationFeedback.swift */,
				CEFB639C30647C9E00D0169D /* MenuBarMenuView.swift */,
				CEFB63A030647C9E00D0169D /* SettingsView.swift */,
				CEFB636230647C9D00D0169D /* Assets.xcassets */,
				CEFB636430647C9D00D0169D /* Info.plist */,
			);
			path = Lodestone;
			sourceTree = "<group>";
		};
		CEFB63B230647C9E00D0169D /* LodestoneTests */ = {
			isa = PBXGroup;
			children = (
				CEFB63B130647C9E00D0169D /* MagnetParserTests.swift */,
				CEFB63C130647C9E00D0169D /* TransmissionConfigTests.swift */,
			);
			path = LodestoneTests;
			sourceTree = "<group>";
		};
/* End PBXGroup section */

/* Begin PBXNativeTarget section */
		CEFB634D30647C9C00D0169D /* Lodestone */ = {
			isa = PBXNativeTarget;
			buildConfigurationList = CEFB637730647C9D00D0169D /* Build configuration list for PBXNativeTarget "Lodestone" */;
			buildPhases = (
				CEFB634A30647C9C00D0169D /* Sources */,
				CEFB634B30647C9C00D0169D /* Frameworks */,
				CEFB634C30647C9C00D0169D /* Resources */,
			);
			buildRules = (
			);
			dependencies = (
			);
			name = Lodestone;
			productName = Lodestone;
			productReference = CEFB634E30647C9C00D0169D /* Lodestone.app */;
			productType = "com.apple.product-type.application";
		};
		CEFB63B330647C9E00D0169D /* LodestoneTests */ = {
			isa = PBXNativeTarget;
			buildConfigurationList = CEFB63B830647C9E00D0169D /* Build configuration list for PBXNativeTarget "LodestoneTests" */;
			buildPhases = (
				CEFB63B430647C9E00D0169D /* Sources */,
				CEFB63B530647C9E00D0169D /* Frameworks */,
			);
			buildRules = (
			);
			dependencies = (
			);
			name = LodestoneTests;
			productName = LodestoneTests;
			productReference = CEFB63B030647C9E00D0169D /* LodestoneTests.xctest */;
			productType = "com.apple.product-type.bundle.unit-test";
		};
/* End PBXNativeTarget section */

/* Begin PBXProject section */
		CEFB634630647C9C00D0169D /* Project object */ = {
			isa = PBXProject;
			attributes = {
				BuildIndependentTargetsInParallel = 1;
				LastSwiftUpdateCheck = 2700;
				LastUpgradeCheck = 2700;
				TargetAttributes = {
					CEFB634D30647C9C00D0169D = {
						CreatedOnToolsVersion = 27.0;
					};
					CEFB63B330647C9E00D0169D = {
						CreatedOnToolsVersion = 27.0;
					};
				};
			};
			buildConfigurationList = CEFB634930647C9C00D0169D /* Build configuration list for PBXProject "Lodestone" */;
			developmentRegion = en;
			hasScannedForEncodings = 0;
			knownRegions = (
				en,
				Base,
			);
			mainGroup = CEFB634530647C9C00D0169D;
			minimizedProjectReferenceProxies = 1;
			preferredProjectObjectVersion = 77;
			productRefGroup = CEFB634F30647C9C00D0169D /* Products */;
			projectDirPath = "";
			projectRoot = "";
			targets = (
				CEFB634D30647C9C00D0169D /* Lodestone */,
				CEFB63B330647C9E00D0169D /* LodestoneTests */,
			);
		};
/* End PBXProject section */

/* Begin PBXResourcesBuildPhase section */
		CEFB634C30647C9C00D0169D /* Resources */ = {
			isa = PBXResourcesBuildPhase;
			files = (
				CEFB636330647C9D00D0169D /* Assets.xcassets in Resources */,
			);
		};
/* End PBXResourcesBuildPhase section */

/* Begin PBXSourcesBuildPhase section */
		CEFB634A30647C9C00D0169D /* Sources */ = {
			isa = PBXSourcesBuildPhase;
			files = (
				CEFB639130647C9E00D0169D /* LodestoneApp.swift in Sources */,
				CEFB635230647C9C00D0169D /* AppDelegate.swift in Sources */,
				CEFB639330647C9E00D0169D /* MagnetParser.swift in Sources */,
				CEFB639530647C9E00D0169D /* TransmissionClient.swift in Sources */,
				CEFB63C230647C9E00D0169D /* TransmissionConfig.swift in Sources */,
				CEFB639730647C9E00D0169D /* Preferences.swift in Sources */,
				CEFB639930647C9E00D0169D /* KeychainStore.swift in Sources */,
				CEFB639B30647C9E00D0169D /* NotificationFeedback.swift in Sources */,
				CEFB639D30647C9E00D0169D /* MenuBarMenuView.swift in Sources */,
				CEFB63A130647C9E00D0169D /* SettingsView.swift in Sources */,
			);
		};
		CEFB63B430647C9E00D0169D /* Sources */ = {
			isa = PBXSourcesBuildPhase;
			files = (
				CEFB63B630647C9E00D0169D /* MagnetParserTests.swift in Sources */,
				CEFB63B730647C9E00D0169D /* MagnetParser.swift in Sources */,
				CEFB63C530647C9E00D0169D /* TransmissionConfigTests.swift in Sources */,
				CEFB63C330647C9E00D0169D /* TransmissionConfig.swift in Sources */,
				CEFB63C430647C9E00D0169D /* TransmissionClient.swift in Sources */,
			);
		};
/* End PBXSourcesBuildPhase section */

/* Begin XCBuildConfiguration section */
		CEFB637130647C9D00D0169D /* Debug configuration for PBXProject "Lodestone" */ = {
			isa = XCBuildConfiguration;
			buildSettings = {
				ALWAYS_SEARCH_USER_PATHS = NO;
				ASSETCATALOG_COMPILER_GENERATE_SWIFT_ASSET_SYMBOL_EXTENSIONS = YES;
				CLANG_ANALYZER_NONNULL = YES;
				CLANG_ANALYZER_NUMBER_OBJECT_CONVERSION = YES_AGGRESSIVE;
				CLANG_CXX_LANGUAGE_STANDARD = "gnu++20";
				CLANG_ENABLE_MODULES = YES;
				CLANG_ENABLE_OBJC_ARC = YES;
				CLANG_ENABLE_OBJC_WEAK = YES;
				CLANG_WARN_BLOCK_CAPTURE_AUTORELEASING = YES;
				CLANG_WARN_BOOL_CONVERSION = YES;
				CLANG_WARN_COMMA = YES;
				CLANG_WARN_CONSTANT_CONVERSION = YES;
				CLANG_WARN_DEPRECATED_OBJC_IMPLEMENTATIONS = YES;
				CLANG_WARN_DIRECT_OBJC_ISA_USAGE = YES_ERROR;
				CLANG_WARN_DOCUMENTATION_COMMENTS = YES;
				CLANG_WARN_EMPTY_BODY = YES;
				CLANG_WARN_ENUM_CONVERSION = YES;
				CLANG_WARN_INFINITE_RECURSION = YES;
				CLANG_WARN_INT_CONVERSION = YES;
				CLANG_WARN_NON_LITERAL_NULL_CONVERSION = YES;
				CLANG_WARN_OBJC_IMPLICIT_RETAIN_SELF = YES;
				CLANG_WARN_OBJC_LITERAL_CONVERSION = YES;
				CLANG_WARN_OBJC_ROOT_CLASS = YES_ERROR;
				CLANG_WARN_QUOTED_INCLUDE_IN_FRAMEWORK_HEADER = YES;
				CLANG_WARN_RANGE_LOOP_ANALYSIS = YES;
				CLANG_WARN_STRICT_PROTOTYPES = YES;
				CLANG_WARN_SUSPICIOUS_MOVE = YES;
				CLANG_WARN_UNGUARDED_AVAILABILITY = YES_AGGRESSIVE;
				CLANG_WARN_UNREACHABLE_CODE = YES;
				CLANG_WARN__DUPLICATE_METHOD_MATCH = YES;
				COPY_PHASE_STRIP = NO;
				DEBUG_INFORMATION_FORMAT = dwarf;
				ENABLE_STRICT_OBJC_MSGSEND = YES;
				ENABLE_TESTABILITY = YES;
				ENABLE_USER_SCRIPT_SANDBOXING = YES;
				GCC_C_LANGUAGE_STANDARD = gnu17;
				GCC_DYNAMIC_NO_PIC = NO;
				GCC_NO_COMMON_BLOCKS = YES;
				GCC_OPTIMIZATION_LEVEL = 0;
				GCC_PREPROCESSOR_DEFINITIONS = (
					"DEBUG=1",
					"$(inherited)",
				);
				GCC_WARN_64_TO_32_BIT_CONVERSION = YES;
				GCC_WARN_ABOUT_RETURN_TYPE = YES_ERROR;
				GCC_WARN_UNDECLARED_SELECTOR = YES;
				GCC_WARN_UNINITIALIZED_AUTOS = YES_AGGRESSIVE;
				GCC_WARN_UNUSED_FUNCTION = YES;
				GCC_WARN_UNUSED_VARIABLE = YES;
				LOCALIZATION_PREFERS_STRING_CATALOGS = YES;
				MACOSX_DEPLOYMENT_TARGET = 27.0;
				MTL_ENABLE_DEBUG_INFO = INCLUDE_SOURCE;
				MTL_FAST_MATH = YES;
				ONLY_ACTIVE_ARCH = YES;
				SDKROOT = macosx;
				SWIFT_ACTIVE_COMPILATION_CONDITIONS = "DEBUG $(inherited)";
				SWIFT_OPTIMIZATION_LEVEL = "-Onone";
			};
			name = Debug;
		};
		CEFB637230647C9D00D0169D /* Release configuration for PBXProject "Lodestone" */ = {
			isa = XCBuildConfiguration;
			buildSettings = {
				ALWAYS_SEARCH_USER_PATHS = NO;
				ASSETCATALOG_COMPILER_GENERATE_SWIFT_ASSET_SYMBOL_EXTENSIONS = YES;
				CLANG_ANALYZER_NONNULL = YES;
				CLANG_ANALYZER_NUMBER_OBJECT_CONVERSION = YES_AGGRESSIVE;
				CLANG_CXX_LANGUAGE_STANDARD = "gnu++20";
				CLANG_ENABLE_MODULES = YES;
				CLANG_ENABLE_OBJC_ARC = YES;
				CLANG_ENABLE_OBJC_WEAK = YES;
				CLANG_WARN_BLOCK_CAPTURE_AUTORELEASING = YES;
				CLANG_WARN_BOOL_CONVERSION = YES;
				CLANG_WARN_COMMA = YES;
				CLANG_WARN_CONSTANT_CONVERSION = YES;
				CLANG_WARN_DEPRECATED_OBJC_IMPLEMENTATIONS = YES;
				CLANG_WARN_DIRECT_OBJC_ISA_USAGE = YES_ERROR;
				CLANG_WARN_DOCUMENTATION_COMMENTS = YES;
				CLANG_WARN_EMPTY_BODY = YES;
				CLANG_WARN_ENUM_CONVERSION = YES;
				CLANG_WARN_INFINITE_RECURSION = YES;
				CLANG_WARN_INT_CONVERSION = YES;
				CLANG_WARN_NON_LITERAL_NULL_CONVERSION = YES;
				CLANG_WARN_OBJC_IMPLICIT_RETAIN_SELF = YES;
				CLANG_WARN_OBJC_LITERAL_CONVERSION = YES;
				CLANG_WARN_OBJC_ROOT_CLASS = YES_ERROR;
				CLANG_WARN_QUOTED_INCLUDE_IN_FRAMEWORK_HEADER = YES;
				CLANG_WARN_RANGE_LOOP_ANALYSIS = YES;
				CLANG_WARN_STRICT_PROTOTYPES = YES;
				CLANG_WARN_SUSPICIOUS_MOVE = YES;
				CLANG_WARN_UNGUARDED_AVAILABILITY = YES_AGGRESSIVE;
				CLANG_WARN_UNREACHABLE_CODE = YES;
				CLANG_WARN__DUPLICATE_METHOD_MATCH = YES;
				COPY_PHASE_STRIP = NO;
				DEBUG_INFORMATION_FORMAT = "dwarf-with-dsym";
				ENABLE_NS_ASSERTIONS = NO;
				ENABLE_STRICT_OBJC_MSGSEND = YES;
				ENABLE_USER_SCRIPT_SANDBOXING = YES;
				GCC_C_LANGUAGE_STANDARD = gnu17;
				GCC_NO_COMMON_BLOCKS = YES;
				GCC_WARN_64_TO_32_BIT_CONVERSION = YES;
				GCC_WARN_ABOUT_RETURN_TYPE = YES_ERROR;
				GCC_WARN_UNDECLARED_SELECTOR = YES;
				GCC_WARN_UNINITIALIZED_AUTOS = YES_AGGRESSIVE;
				GCC_WARN_UNUSED_FUNCTION = YES;
				GCC_WARN_UNUSED_VARIABLE = YES;
				LOCALIZATION_PREFERS_STRING_CATALOGS = YES;
				MACOSX_DEPLOYMENT_TARGET = 27.0;
				MTL_ENABLE_DEBUG_INFO = NO;
				MTL_FAST_MATH = YES;
				SDKROOT = macosx;
				SWIFT_COMPILATION_MODE = wholemodule;
			};
			name = Release;
		};
		CEFB637830647C9D00D0169D /* Debug configuration for PBXNativeTarget "Lodestone" */ = {
			isa = XCBuildConfiguration;
			buildSettings = {
				ASSETCATALOG_COMPILER_APPICON_NAME = AppIcon;
				"CODE_SIGN_IDENTITY[sdk=macosx*]" = "Apple Development";
				CODE_SIGN_STYLE = Automatic;
				COMBINE_HIDPI_IMAGES = YES;
				CURRENT_PROJECT_VERSION = 1;
				DEVELOPMENT_TEAM = BYAWF5CGAW;
				ENABLE_APP_SANDBOX = NO;
				ENABLE_HARDENED_RUNTIME = YES;
				ENABLE_OUTGOING_NETWORK_CONNECTIONS = YES;
				GENERATE_INFOPLIST_FILE = YES;
				INFOPLIST_FILE = Lodestone/Info.plist;
				INFOPLIST_KEY_CFBundleDisplayName = Lodestone;
				INFOPLIST_KEY_LSApplicationCategoryType = "public.app-category.utilities";
				INFOPLIST_KEY_LSUIElement = YES;
				INFOPLIST_KEY_NSHumanReadableCopyright = "";
				LD_RUNPATH_SEARCH_PATHS = (
					"$(inherited)",
					"@executable_path/../Frameworks",
				);
				MACOSX_DEPLOYMENT_TARGET = "$(RECOMMENDED_MACOSX_DEPLOYMENT_TARGET)";
				MARKETING_VERSION = 1.0;
				PRODUCT_BUNDLE_IDENTIFIER = "com.mtn-man.Lodestone";
				PRODUCT_NAME = "$(TARGET_NAME)";
				STRING_CATALOG_GENERATE_SYMBOLS = YES;
				SWIFT_APPROACHABLE_CONCURRENCY = YES;
				SWIFT_DEFAULT_ACTOR_ISOLATION = MainActor;
				SWIFT_EMIT_LOC_STRINGS = YES;
				SWIFT_UPCOMING_FEATURE_MEMBER_IMPORT_VISIBILITY = YES;
				SWIFT_VERSION = 5.0;
			};
			name = Debug;
		};
		CEFB637930647C9D00D0169D /* Release configuration for PBXNativeTarget "Lodestone" */ = {
			isa = XCBuildConfiguration;
			buildSettings = {
				ASSETCATALOG_COMPILER_APPICON_NAME = AppIcon;
				"CODE_SIGN_IDENTITY[sdk=macosx*]" = "Apple Development";
				CODE_SIGN_STYLE = Automatic;
				COMBINE_HIDPI_IMAGES = YES;
				CURRENT_PROJECT_VERSION = 1;
				DEVELOPMENT_TEAM = BYAWF5CGAW;
				ENABLE_APP_SANDBOX = NO;
				ENABLE_HARDENED_RUNTIME = YES;
				ENABLE_OUTGOING_NETWORK_CONNECTIONS = YES;
				GENERATE_INFOPLIST_FILE = YES;
				INFOPLIST_FILE = Lodestone/Info.plist;
				INFOPLIST_KEY_CFBundleDisplayName = Lodestone;
				INFOPLIST_KEY_LSApplicationCategoryType = "public.app-category.utilities";
				INFOPLIST_KEY_LSUIElement = YES;
				INFOPLIST_KEY_NSHumanReadableCopyright = "";
				LD_RUNPATH_SEARCH_PATHS = (
					"$(inherited)",
					"@executable_path/../Frameworks",
				);
				MACOSX_DEPLOYMENT_TARGET = "$(RECOMMENDED_MACOSX_DEPLOYMENT_TARGET)";
				MARKETING_VERSION = 1.0;
				PRODUCT_BUNDLE_IDENTIFIER = "com.mtn-man.Lodestone";
				PRODUCT_NAME = "$(TARGET_NAME)";
				STRING_CATALOG_GENERATE_SYMBOLS = YES;
				SWIFT_APPROACHABLE_CONCURRENCY = YES;
				SWIFT_DEFAULT_ACTOR_ISOLATION = MainActor;
				SWIFT_EMIT_LOC_STRINGS = YES;
				SWIFT_UPCOMING_FEATURE_MEMBER_IMPORT_VISIBILITY = YES;
				SWIFT_VERSION = 5.0;
			};
			name = Release;
		};
		CEFB63B930647C9E00D0169D /* Debug configuration for PBXNativeTarget "LodestoneTests" */ = {
			isa = XCBuildConfiguration;
			buildSettings = {
				ALWAYS_EMBED_SWIFT_STANDARD_LIBRARIES = YES;
				CODE_SIGN_STYLE = Automatic;
				CURRENT_PROJECT_VERSION = 1;
				DEVELOPMENT_TEAM = BYAWF5CGAW;
				GENERATE_INFOPLIST_FILE = YES;
				MARKETING_VERSION = 1.0;
				PRODUCT_BUNDLE_IDENTIFIER = "com.mtn-man.LodestoneTests";
				PRODUCT_NAME = "$(TARGET_NAME)";
				SWIFT_APPROACHABLE_CONCURRENCY = YES;
				SWIFT_DEFAULT_ACTOR_ISOLATION = MainActor;
				SWIFT_EMIT_LOC_STRINGS = NO;
				SWIFT_UPCOMING_FEATURE_MEMBER_IMPORT_VISIBILITY = YES;
				SWIFT_VERSION = 5.0;
			};
			name = Debug;
		};
		CEFB63BA30647C9E00D0169D /* Release configuration for PBXNativeTarget "LodestoneTests" */ = {
			isa = XCBuildConfiguration;
			buildSettings = {
				ALWAYS_EMBED_SWIFT_STANDARD_LIBRARIES = YES;
				CODE_SIGN_STYLE = Automatic;
				CURRENT_PROJECT_VERSION = 1;
				DEVELOPMENT_TEAM = BYAWF5CGAW;
				GENERATE_INFOPLIST_FILE = YES;
				MARKETING_VERSION = 1.0;
				PRODUCT_BUNDLE_IDENTIFIER = "com.mtn-man.LodestoneTests";
				PRODUCT_NAME = "$(TARGET_NAME)";
				SWIFT_APPROACHABLE_CONCURRENCY = YES;
				SWIFT_DEFAULT_ACTOR_ISOLATION = MainActor;
				SWIFT_EMIT_LOC_STRINGS = NO;
				SWIFT_UPCOMING_FEATURE_MEMBER_IMPORT_VISIBILITY = YES;
				SWIFT_VERSION = 5.0;
			};
			name = Release;
		};
/* End XCBuildConfiguration section */

/* Begin XCConfigurationList section */
		CEFB634930647C9C00D0169D /* Build configuration list for PBXProject "Lodestone" */ = {
			isa = XCConfigurationList;
			buildConfigurations = (
				CEFB637130647C9D00D0169D /* Debug configuration for PBXProject "Lodestone" */,
				CEFB637230647C9D00D0169D /* Release configuration for PBXProject "Lodestone" */,
			);
			defaultConfigurationName = Release;
		};
		CEFB637730647C9D00D0169D /* Build configuration list for PBXNativeTarget "Lodestone" */ = {
			isa = XCConfigurationList;
			buildConfigurations = (
				CEFB637830647C9D00D0169D /* Debug configuration for PBXNativeTarget "Lodestone" */,
				CEFB637930647C9D00D0169D /* Release configuration for PBXNativeTarget "Lodestone" */,
			);
			defaultConfigurationName = Release;
		};
		CEFB63B830647C9E00D0169D /* Build configuration list for PBXNativeTarget "LodestoneTests" */ = {
			isa = XCConfigurationList;
			buildConfigurations = (
				CEFB63B930647C9E00D0169D /* Debug configuration for PBXNativeTarget "LodestoneTests" */,
				CEFB63BA30647C9E00D0169D /* Release configuration for PBXNativeTarget "LodestoneTests" */,
			);
			defaultConfigurationIsVisible = 0;
			defaultConfigurationName = Release;
		};
/* End XCConfigurationList section */
	};
	rootObject = CEFB634630647C9C00D0169D /* Project object */;
	validationLevel = 1;
}
